
Microsoft Visual Studio Solution File, Format Version 12.00
# Visual Studio Version 17
VisualStudioVersion = 17.4.33213.308
MinimumVisualStudioVersion = 10.0.40219.1
Project("{FAE04EC0-301F-11D3-BF4B-00C04F79EFBC}") = "DewDecimalTrainingApp", "DewDecimalTrainingApp.csproj", "{F5083163-E394-4EF3-B231-4D3B06F4FC4C}"
EndProject
Global
	GlobalSection(SolutionConfigurationPlatforms) = preSolution
		Debug|Any CPU = Debug|Any CPU
		Release|Any CPU = Release|Any CPU
	EndGlobalSection
	GlobalSection(ProjectConfigurationPlatforms) = postSolution
		{F5083163-E394-4EF3-B231-4D3B06F4FC4C}.Debug|Any CPU.ActiveCfg = Debug|Any CPU
		{F5083163-E394-4EF3-B231-4D3B06F4FC4C}.Debug|Any CPU.Build.0 = Debug|Any CPU
		{F5083163-E394-4EF3-B231-4D3B06F4FC4C}.Release|Any CPU.ActiveCfg = Release|Any CPU
		{F5083163-E394-4EF3-B231-4D3B06F4FC4C}.Release|Any CPU.Build.0 = Release|Any CPU
	EndGlobalSection
	GlobalSection(SolutionProperties) = preSolution
		HideSolutionNode = FALSE
	EndGlobalSection
	GlobalSection(ExtensibilityGlobals) = postSolution
		SolutionGuid = {DB7EB0B7-922C-4BBE-AD15-951D9BC184CB}
	EndGlobalSection
EndGlobal
